
Microsoft Visual Studio Solution File, Format Version 12.00
# Visual Studio 15
Project("{FAE04EC0-301F-11D3-BF4B-00C04F79EFBC}") = "ARSTUDY", "Assembly-CSharp.csproj", "{43ED4225-31D8-2C56-00FA-EB10E020AE14}"
EndProject
Project("{FAE04EC0-301F-11D3-BF4B-00C04F79EFBC}") = "ARSTUDY", "Assembly-CSharp-Editor.csproj", "{10FFB555-CFCA-7208-9490-AA21F4D4D6C2}"
EndProject
Global
	GlobalSection(SolutionConfigurationPlatforms) = preSolution
		Debug|Any CPU = Debug|Any CPU
		Release|Any CPU = Release|Any CPU
	EndGlobalSection
	GlobalSection(ProjectConfigurationPlatforms) = postSolution
		{43ED4225-31D8-2C56-00FA-EB10E020AE14}.Debug|Any CPU.ActiveCfg = Debug|Any CPU
		{43ED4225-31D8-2C56-00FA-EB10E020AE14}.Debug|Any CPU.Build.0 = Debug|Any CPU
		{43ED4225-31D8-2C56-00FA-EB10E020AE14}.Release|Any CPU.ActiveCfg = Release|Any CPU
		{43ED4225-31D8-2C56-00FA-EB10E020AE14}.Release|Any CPU.Build.0 = Release|Any CPU
		{10FFB555-CFCA-7208-9490-AA21F4D4D6C2}.Debug|Any CPU.ActiveCfg = Debug|Any CPU
		{10FFB555-CFCA-7208-9490-AA21F4D4D6C2}.Debug|Any CPU.Build.0 = Debug|Any CPU
		{10FFB555-CFCA-7208-9490-AA21F4D4D6C2}.Release|Any CPU.ActiveCfg = Release|Any CPU
		{10FFB555-CFCA-7208-9490-AA21F4D4D6C2}.Release|Any CPU.Build.0 = Release|Any CPU
	EndGlobalSection
	GlobalSection(SolutionProperties) = preSolution
		HideSolutionNode = FALSE
	EndGlobalSection
EndGlobal
